
Microsoft Visual Studio Solution File, Format Version 12.00
# Visual Studio Version 16
VisualStudioVersion = 16.0.29503.13
MinimumVisualStudioVersion = 10.0.40219.1
Project("{FAE04EC0-301F-11D3-BF4B-00C04F79EFBC}") = "PromotionEngine", "PromotionEngine\PromotionEngine.csproj", "{F45EF236-D4F8-4714-8678-7C05F51609B4}"
EndProject
Project("{FAE04EC0-301F-11D3-BF4B-00C04F79EFBC}") = "PromotionEngine.Test", "PromotionEngine.Test\PromotionEngine.Test.csproj", "{321D5828-D830-472B-BB12-99103871A681}"
EndProject
Global
	GlobalSection(SolutionConfigurationPlatforms) = preSolution
		Debug|Any CPU = Debug|Any CPU
		Release|Any CPU = Release|Any CPU
	EndGlobalSection
	GlobalSection(ProjectConfigurationPlatforms) = postSolution
		{F45EF236-D4F8-4714-8678-7C05F51609B4}.Debug|Any CPU.ActiveCfg = Debug|Any CPU
		{F45EF236-D4F8-4714-8678-7C05F51609B4}.Debug|Any CPU.Build.0 = Debug|Any CPU
		{F45EF236-D4F8-4714-8678-7C05F51609B4}.Release|Any CPU.ActiveCfg = Release|Any CPU
		{F45EF236-D4F8-4714-8678-7C05F51609B4}.Release|Any CPU.Build.0 = Release|Any CPU
		{321D5828-D830-472B-BB12-99103871A681}.Debug|Any CPU.ActiveCfg = Debug|Any CPU
		{321D5828-D830-472B-BB12-99103871A681}.Debug|Any CPU.Build.0 = Debug|Any CPU
		{321D5828-D830-472B-BB12-99103871A681}.Release|Any CPU.ActiveCfg = Release|Any CPU
		{321D5828-D830-472B-BB12-99103871A681}.Release|Any CPU.Build.0 = Release|Any CPU
	EndGlobalSection
	GlobalSection(SolutionProperties) = preSolution
		HideSolutionNode = FALSE
	EndGlobalSection
	GlobalSection(ExtensibilityGlobals) = postSolution
		SolutionGuid = {3A3B3B55-785B-4ACA-87AD-D2EB6558A974}
	EndGlobalSection
EndGlobal
